
Microsoft Visual Studio Solution File, Format Version 12.00
# Visual Studio Version 17
VisualStudioVersion = 17.11.35312.102
MinimumVisualStudioVersion = 10.0.40219.1
Project("{FAE04EC0-301F-11D3-BF4B-00C04F79EFBC}") = "EveQ", "EveQ\EveQ.csproj", "{2A41C352-956D-406D-A239-B673037792B9}"
EndProject
Project("{FAE04EC0-301F-11D3-BF4B-00C04F79EFBC}") = "EveQ.Core", "EveQ.Core\EveQ.Core.csproj", "{A1882307-B63A-410B-BA9D-14950D36803C}"
EndProject
Project("{FAE04EC0-301F-11D3-BF4B-00C04F79EFBC}") = "EveQ.Repo", "EveQ.Repo\EveQ.Repo.csproj", "{099C168E-45F3-4638-B5CD-71489DDF1149}"
EndProject
Project("{FAE04EC0-301F-11D3-BF4B-00C04F79EFBC}") = "EveQ.Service", "EveQ.Service\EveQ.Service.csproj", "{C5F1A06A-8307-4A54-870A-B81E0114B955}"
EndProject
Global
	GlobalSection(SolutionConfigurationPlatforms) = preSolution
		Debug|Any CPU = Debug|Any CPU
		Release|Any CPU = Release|Any CPU
	EndGlobalSection
	GlobalSection(ProjectConfigurationPlatforms) = postSolution
		{2A41C352-956D-406D-A239-B673037792B9}.Debug|Any CPU.ActiveCfg = Debug|Any CPU
		{2A41C352-956D-406D-A239-B673037792B9}.Debug|Any CPU.Build.0 = Debug|Any CPU
		{2A41C352-956D-406D-A239-B673037792B9}.Release|Any CPU.ActiveCfg = Release|Any CPU
		{2A41C352-956D-406D-A239-B673037792B9}.Release|Any CPU.Build.0 = Release|Any CPU
		{A1882307-B63A-410B-BA9D-14950D36803C}.Debug|Any CPU.ActiveCfg = Debug|Any CPU
		{A1882307-B63A-410B-BA9D-14950D36803C}.Debug|Any CPU.Build.0 = Debug|Any CPU
		{A1882307-B63A-410B-BA9D-14950D36803C}.Release|Any CPU.ActiveCfg = Release|Any CPU
		{A1882307-B63A-410B-BA9D-14950D36803C}.Release|Any CPU.Build.0 = Release|Any CPU
		{099C168E-45F3-4638-B5CD-71489DDF1149}.Debug|Any CPU.ActiveCfg = Debug|Any CPU
		{099C168E-45F3-4638-B5CD-71489DDF1149}.Debug|Any CPU.Build.0 = Debug|Any CPU
		{099C168E-45F3-4638-B5CD-71489DDF1149}.Release|Any CPU.ActiveCfg = Release|Any CPU
		{099C168E-45F3-4638-B5CD-71489DDF1149}.Release|Any CPU.Build.0 = Release|Any CPU
		{C5F1A06A-8307-4A54-870A-B81E0114B955}.Debug|Any CPU.ActiveCfg = Debug|Any CPU
		{C5F1A06A-8307-4A54-870A-B81E0114B955}.Debug|Any CPU.Build.0 = Debug|Any CPU
		{C5F1A06A-8307-4A54-870A-B81E0114B955}.Release|Any CPU.ActiveCfg = Release|Any CPU
		{C5F1A06A-8307-4A54-870A-B81E0114B955}.Release|Any CPU.Build.0 = Release|Any CPU
	EndGlobalSection
	GlobalSection(SolutionProperties) = preSolution
		HideSolutionNode = FALSE
	EndGlobalSection
	GlobalSection(ExtensibilityGlobals) = postSolution
		SolutionGuid = {0AEB2E36-976B-43A5-912F-7C0F256227F9}
	EndGlobalSection
EndGlobal
